// !$*UTF8*$!
{
	archiveVersion = 1;
	classes = {
	};
	objectVersion = 50;
	objects = {

/* Begin PBXBuildFile section */
		6C85620B21E6930A00246312 /* AppDelegate.swift in Sources */ = {isa = PBXBuildFile; fileRef = 6C85620A21E6930A00246312 /* AppDelegate.swift */; };
		6C85620D21E6930A00246312 /* ViewController.swift in Sources */ = {isa = PBXBuildFile; fileRef = 6C85620C21E6930A00246312 /* ViewController.swift */; };
		6C85621021E6930A00246312 /* Main.storyboard in Resources */ = {isa = PBXBuildFile; fileRef = 6C85620E21E6930A00246312 /* Main.storyboard */; };
		6C85621221E6930D00246312 /* Assets.xcassets in Resources */ = {isa = PBXBuildFile; fileRef = 6C85621121E6930D00246312 /* Assets.xcassets */; };
		6C85621521E6930D00246312 /* LaunchScreen.storyboard in Resources */ = {isa = PBXBuildFile; fileRef = 6C85621321E6930D00246312 /* LaunchScreen.storyboard */; };
		6C85622021E6930D00246312 /* Tip_calculatorTests.swift in Sources */ = {isa = PBXBuildFile; fileRef = 6C85621F21E6930D00246312 /* Tip_calculatorTests.swift */; };
		6C85622B21E6930D00246312 /* Tip_calculatorUITests.swift in Sources */ = {isa = PBXBuildFile; fileRef = 6C85622A21E6930D00246312 /* Tip_calculatorUITests.swift */; };
/* End PBXBuildFile section */

/* Begin PBXContainerItemProxy section */
		6C85621C21E6930D00246312 /* PBXContainerItemProxy */ = {
			isa = PBXContainerItemProxy;
			containerPortal = 6C8561FF21E6930A00246312 /* Project object */;
			proxyType = 1;
			remoteGlobalIDString = 6C85620621E6930A00246312;
			remoteInfo = "Tip calculator";
		};
		6C85622721E6930D00246312 /* PBXContainerItemProxy */ = {
			isa = PBXContainerItemProxy;
			containerPortal = 6C8561FF21E6930A00246312 /* Project object */;
			proxyType = 1;
			remoteGlobalIDString = 6C85620621E6930A00246312;
			remoteInfo = "Tip calculator";
		};
/* End PBXContainerItemProxy section */

/* Begin PBXFileReference section */
		6C85620721E6930A00246312 /* Tip calculator.app */ = {isa = PBXFileReference; explicitFileType = wrapper.application; includeInIndex = 0; path = "Tip calculator.app"; sourceTree = BUILT_PRODUCTS_DIR; };
		6C85620A21E6930A00246312 /* AppDelegate.swift */ = {isa = PBXFileReference; lastKnownFileType = sourcecode.swift; path = AppDelegate.swift; sourceTree = "<group>"; };
		6C85620C21E6930A00246312 /* ViewController.swift */ = {isa = PBXFileReference; lastKnownFileType = sourcecode.swift; path = ViewController.swift; sourceTree = "<group>"; };
		6C85620F21E6930A00246312 /* Base */ = {isa = PBXFileReference; lastKnownFileType = file.storyboard; name = Base; path = Base.lproj/Main.storyboard; sourceTree = "<group>"; };
		6C85621121E6930D00246312 /* Assets.xcassets */ = {isa = PBXFileReference; lastKnownFileType = folder.assetcatalog; path = Assets.xcassets; sourceTree = "<group>"; };
		6C85621421E6930D00246312 /* Base */ = {isa = PBXFileReference; lastKnownFileType = file.storyboard; name = Base; path = Base.lproj/LaunchScreen.storyboard; sourceTree = "<group>"; };
		6C85621621E6930D00246312 /* Info.plist */ = {isa = PBXFileReference; lastKnownFileType = text.plist.xml; path = Info.plist; sourceTree = "<group>"; };
		6C85621B21E6930D00246312 /* Tip calculatorTests.xctest */ = {isa = PBXFileReference; explicitFileType = wrapper.cfbundle; includeInIndex = 0; path = "Tip calculatorTests.xctest"; sourceTree = BUILT_PRODUCTS_DIR; };
		6C85621F21E6930D00246312 /* Tip_calculatorTests.swift */ = {isa = PBXFileReference; lastKnownFileType = sourcecode.swift; path = Tip_calculatorTests.swift; sourceTree = "<group>"; };
		6C85622121E6930D00246312 /* Info.plist */ = {isa = PBXFileReference; lastKnownFileType = text.plist.xml; path = Info.plist; sourceTree = "<group>"; };
		6C85622621E6930D00246312 /* Tip calculatorUITests.xctest */ = {isa = PBXFileReference; explicitFileType = wrapper.cfbundle; includeInIndex = 0; path = "Tip calculatorUITests.xctest"; sourceTree = BUILT_PRODUCTS_DIR; };
		6C85622A21E6930D00246312 /* Tip_calculatorUITests.swift */ = {isa = PBXFileReference; lastKnownFileType = sourcecode.swift; path = Tip_calculatorUITests.swift; sourceTree = "<group>"; };
		6C85622C21E6930D00246312 /* Info.plist */ = {isa = PBXFileReference; lastKnownFileType = text.plist.xml; path = Info.plist; sourceTree = "<group>"; };
/* End PBXFileReference section */

/* Begin PBXFrameworksBuildPhase section */
		6C85620421E6930A00246312 /* Frameworks */ = {
			isa = PBXFrameworksBuildPhase;
			buildActionMask = 2147483647;
			files = (
			);
			runOnlyForDeploymentPostprocessing = 0;
		};
		6C85621821E6930D00246312 /* Frameworks */ = {
			isa = PBXFrameworksBuildPhase;
			buildActionMask = 2147483647;
			files = (
			);
			runOnlyForDeploymentPostprocessing = 0;
		};
		6C85622321E6930D00246312 /* Frameworks */ = {
			isa = PBXFrameworksBuildPhase;
			buildActionMask = 2147483647;
			files = (
			);
			runOnlyForDeploymentPostprocessing = 0;
		};
/* End PBXFrameworksBuildPhase section */

/* Begin PBXGroup section */
		6C8561FE21E6930A00246312 = {
			isa = PBXGroup;
			children = (
				6C85620921E6930A00246312 /* Tip calculator */,
				6C85621E21E6930D00246312 /* Tip calculatorTests */,
				6C85622921E6930D00246312 /* Tip calculatorUITests */,
				6C85620821E6930A00246312 /* Products */,
			);
			sourceTree = "<group>";
		};
		6C85620821E6930A00246312 /* Products */ = {
			isa = PBXGroup;
			children = (
				6C85620721E6930A00246312 /* Tip calculator.app */,
				6C85621B21E6930D00246312 /* Tip calculatorTests.xctest */,
				6C85622621E6930D00246312 /* Tip calculatorUITests.xctest */,
			);
			name = Products;
			sourceTree = "<group>";
		};
		6C85620921E6930A00246312 /* Tip calculator */ = {
			isa = PBXGroup;
			children = (
				6C85620A21E6930A00246312 /* AppDelegate.swift */,
				6C85620C21E6930A00246312 /* ViewController.swift */,
				6C85620E21E6930A00246312 /* Main.storyboard */,
				6C85621121E6930D00246312 /* Assets.xcassets */,
				6C85621321E6930D00246312 /* LaunchScreen.storyboard */,
				6C85621621E6930D00246312 /* Info.plist */,
			);
			path = "Tip calculator";
			sourceTree = "<group>";
		};
		6C85621E21E6930D00246312 /* Tip calculatorTests */ = {
			isa = PBXGroup;
			children = (
				6C85621F21E6930D00246312 /* Tip_calculatorTests.swift */,
				6C85622121E6930D00246312 /* Info.plist */,
			);
			path = "Tip calculatorTests";
			sourceTree = "<group>";
		};
		6C85622921E6930D00246312 /* Tip calculatorUITests */ = {
			isa = PBXGroup;
			children = (
				6C85622A21E6930D00246312 /* Tip_calculatorUITests.swift */,
				6C85622C21E6930D00246312 /* Info.plist */,
			);
			path = "Tip calculatorUITests";
			sourceTree = "<group>";
		};
/* End PBXGroup section */

/* Begin PBXNativeTarget section */
		6C85620621E6930A00246312 /* Tip calculator */ = {
			isa = PBXNativeTarget;
			buildConfigurationList = 6C85622F21E6930D00246312 /* Build configuration list for PBXNativeTarget "Tip calculator" */;
			buildPhases = (
				6C85620321E6930A00246312 /* Sources */,
				6C85620421E6930A00246312 /* Frameworks */,
				6C85620521E6930A00246312 /* Resources */,
			);
			buildRules = (
			);
			dependencies = (
			);
			name = "Tip calculator";
			productName = "Tip calculator";
			productReference = 6C85620721E6930A00246312 /* Tip calculator.app */;
			productType = "com.apple.product-type.application";
		};
		6C85621A21E6930D00246312 /* Tip calculatorTests */ = {
			isa = PBXNativeTarget;
			buildConfigurationList = 6C85623221E6930D00246312 /* Build configuration list for PBXNativeTarget "Tip calculatorTests" */;
			buildPhases = (
				6C85621721E6930D00246312 /* Sources */,
				6C85621821E6930D00246312 /* Frameworks */,
				6C85621921E6930D00246312 /* Resources */,
			);
			buildRules = (
			);
			dependencies = (
				6C85621D21E6930D00246312 /* PBXTargetDependency */,
			);
			name = "Tip calculatorTests";
			productName = "Tip calculatorTests";
			productReference = 6C85621B21E6930D00246312 /* Tip calculatorTests.xctest */;
			productType = "com.apple.product-type.bundle.unit-test";
		};
		6C85622521E6930D00246312 /* Tip calculatorUITests */ = {
			isa = PBXNativeTarget;
			buildConfigurationList = 6C85623521E6930D00246312 /* Build configuration list for PBXNativeTarget "Tip calculatorUITests" */;
			buildPhases = (
				6C85622221E6930D00246312 /* Sources */,
				6C85622321E6930D00246312 /* Frameworks */,
				6C85622421E6930D00246312 /* Resources */,
			);
			buildRules = (
			);
			dependencies = (
				6C85622821E6930D00246312 /* PBXTargetDependency */,
			);
			name = "Tip calculatorUITests";
			productName = "Tip calculatorUITests";
			productReference = 6C85622621E6930D00246312 /* Tip calculatorUITests.xctest */;
			productType = "com.apple.product-type.bundle.ui-testing";
		};
/* End PBXNativeTarget section */

/* Begin PBXProject section */
		6C8561FF21E6930A00246312 /* Project object */ = {
			isa = PBXProject;
			attributes = {
				LastSwiftUpdateCheck = 1010;
				LastUpgradeCheck = 1010;
				ORGANIZATIONNAME = "Ari Ninio";
				TargetAttributes = {
					6C85620621E6930A00246312 = {
						CreatedOnToolsVersion = 10.1;
					};
					6C85621A21E6930D00246312 = {
						CreatedOnToolsVersion = 10.1;
						TestTargetID = 6C85620621E6930A00246312;
					};
					6C85622521E6930D00246312 = {
						CreatedOnToolsVersion = 10.1;
						TestTargetID = 6C85620621E6930A00246312;
					};
				};
			};
			buildConfigurationList = 6C85620221E6930A00246312 /* Build configuration list for PBXProject "Tip calculator" */;
			compatibilityVersion = "Xcode 9.3";
			developmentRegion = en;
			hasScannedForEncodings = 0;
			knownRegions = (
				en,
				Base,
			);
			mainGroup = 6C8561FE21E6930A00246312;
			productRefGroup = 6C85620821E6930A00246312 /* Products */;
			projectDirPath = "";
			projectRoot = "";
			targets = (
				6C85620621E6930A00246312 /* Tip calculator */,
				6C85621A21E6930D00246312 /* Tip calculatorTests */,
				6C85622521E6930D00246312 /* Tip calculatorUITests */,
			);
		};
/* End PBXProject section */

/* Begin PBXResourcesBuildPhase section */
		6C85620521E6930A00246312 /* Resources */ = {
			isa = PBXResourcesBuildPhase;
			buildActionMask = 2147483647;
			files = (
				6C85621521E6930D00246312 /* LaunchScreen.storyboard in Resources */,
				6C85621221E6930D00246312 /* Assets.xcassets in Resources */,
				6C85621021E6930A00246312 /* Main.storyboard in Resources */,
			);
			runOnlyForDeploymentPostprocessing = 0;
		};
		6C85621921E6930D00246312 /* Resources */ = {
			isa = PBXResourcesBuildPhase;
			buildActionMask = 2147483647;
			files = (
			);
			runOnlyForDeploymentPostprocessing = 0;
		};
		6C85622421E6930D00246312 /* Resources */ = {
			isa = PBXResourcesBuildPhase;
			buildActionMask = 2147483647;
			files = (
			);
			runOnlyForDeploymentPostprocessing = 0;
		};
/* End PBXResourcesBuildPhase section */

/* Begin PBXSourcesBuildPhase section */
		6C85620321E6930A00246312 /* Sources */ = {
			isa = PBXSourcesBuildPhase;
			buildActionMask = 2147483647;
			files = (
				6C85620D21E6930A00246312 /* ViewController.swift in Sources */,
				6C85620B21E6930A00246312 /* AppDelegate.swift in Sources */,
			);
			runOnlyForDeploymentPostprocessing = 0;
		};
		6C85621721E6930D00246312 /* Sources */ = {
			isa = PBXSourcesBuildPhase;
			buildActionMask = 2147483647;
			files = (
				6C85622021E6930D00246312 /* Tip_calculatorTests.swift in Sources */,
			);
			runOnlyForDeploymentPostprocessing = 0;
		};
		6C85622221E6930D00246312 /* Sources */ = {
			isa = PBXSourcesBuildPhase;
			buildActionMask = 2147483647;
			files = (
				6C85622B21E6930D00246312 /* Tip_calculatorUITests.swift in Sources */,
			);
			runOnlyForDeploymentPostprocessing = 0;
		};
/* End PBXSourcesBuildPhase section */

/* Begin PBXTargetDependency section */
		6C85621D21E6930D00246312 /* PBXTargetDependency */ = {
			isa = PBXTargetDependency;
			target = 6C85620621E6930A00246312 /* Tip calculator */;
			targetProxy = 6C85621C21E6930D00246312 /* PBXContainerItemProxy */;
		};
		6C85622821E6930D00246312 /* PBXTargetDependency */ = {
			isa = PBXTargetDependency;
			target = 6C85620621E6930A00246312 /* Tip calculator */;
			targetProxy = 6C85622721E6930D00246312 /* PBXContainerItemProxy */;
		};
/* End PBXTargetDependency section */

/* Begin PBXVariantGroup section */
		6C85620E21E6930A00246312 /* Main.storyboard */ = {
			isa = PBXVariantGroup;
			children = (
				6C85620F21E6930A00246312 /* Base */,
			);
			name = Main.storyboard;
			sourceTree = "<group>";
		};
		6C85621321E6930D00246312 /* LaunchScreen.storyboard */ = {
			isa = PBXVariantGroup;
			children = (
				6C85621421E6930D00246312 /* Base */,
			);
			name = LaunchScreen.storyboard;
			sourceTree = "<group>";
		};
/* End PBXVariantGroup section */

/* Begin XCBuildConfiguration section */
		6C85622D21E6930D00246312 /* Debug */ = {
			isa = XCBuildConfiguration;
			buildSettings = {
				ALWAYS_SEARCH_USER_PATHS = NO;
				CLANG_ANALYZER_NONNULL = YES;
				CLANG_ANALYZER_NUMBER_OBJECT_CONVERSION = YES_AGGRESSIVE;
				CLANG_CXX_LANGUAGE_STANDARD = "gnu++14";
				CLANG_CXX_LIBRARY = "libc++";
				CLANG_ENABLE_MODULES = YES;
				CLANG_ENABLE_OBJC_ARC = YES;
				CLANG_ENABLE_OBJC_WEAK = YES;
				CLANG_WARN_BLOCK_CAPTURE_AUTORELEASING = YES;
				CLANG_WARN_BOOL_CONVERSION = YES;
				CLANG_WARN_COMMA = YES;
				CLANG_WARN_CONSTANT_CONVERSION = YES;
				CLANG_WARN_DEPRECATED_OBJC_IMPLEMENTATIONS = YES;
				CLANG_WARN_DIRECT_OBJC_ISA_USAGE = YES_ERROR;
				CLANG_WARN_DOCUMENTATION_COMMENTS = YES;
				CLANG_WARN_EMPTY_BODY = YES;
				CLANG_WARN_ENUM_CONVERSION = YES;
				CLANG_WARN_INFINITE_RECURSION = YES;
				CLANG_WARN_INT_CONVERSION = YES;
				CLANG_WARN_NON_LITERAL_NULL_CONVERSION = YES;
				CLANG_WARN_OBJC_IMPLICIT_RETAIN_SELF = YES;
				CLANG_WARN_OBJC_LITERAL_CONVERSION = YES;
				CLANG_WARN_OBJC_ROOT_CLASS = YES_ERROR;
				CLANG_WARN_RANGE_LOOP_ANALYSIS = YES;
				CLANG_WARN_STRICT_PROTOTYPES = YES;
				CLANG_WARN_SUSPICIOUS_MOVE = YES;
				CLANG_WARN_UNGUARDED_AVAILABILITY = YES_AGGRESSIVE;
				CLANG_WARN_UNREACHABLE_CODE = YES;
				CLANG_WARN__DUPLICATE_METHOD_MATCH = YES;
				CODE_SIGN_IDENTITY = "iPhone Developer";
				COPY_PHASE_STRIP = NO;
				DEBUG_INFORMATION_FORMAT = dwarf;
				ENABLE_STRICT_OBJC_MSGSEND = YES;
				ENABLE_TESTABILITY = YES;
				GCC_C_LANGUAGE_STANDARD = gnu11;
				GCC_DYNAMIC_NO_PIC = NO;
				GCC_NO_COMMON_BLOCKS = YES;
				GCC_OPTIMIZATION_LEVEL = 0;
				GCC_PREPROCESSOR_DEFINITIONS = (
					"DEBUG=1",
					"$(inherited)",
				);
				GCC_WARN_64_TO_32_BIT_CONVERSION = YES;
				GCC_WARN_ABOUT_RETURN_TYPE = YES_ERROR;
				GCC_WARN_UNDECLARED_SELECTOR = YES;
				GCC_WARN_UNINITIALIZED_AUTOS = YES_AGGRESSIVE;
				GCC_WARN_UNUSED_FUNCTION = YES;
				GCC_WARN_UNUSED_VARIABLE = YES;
				IPHONEOS_DEPLOYMENT_TARGET = 12.1;
				MTL_ENABLE_DEBUG_INFO = INCLUDE_SOURCE;
				MTL_FAST_MATH = YES;
				ONLY_ACTIVE_ARCH = YES;
				SDKROOT = iphoneos;
				SWIFT_ACTIVE_COMPILATION_CONDITIONS = DEBUG;
				SWIFT_OPTIMIZATION_LEVEL = "-Onone";
			};
			name = Debug;
		};
		6C85622E21E6930D00246312 /* Release */ = {
			isa = XCBuildConfiguration;
			buildSettings = {
				ALWAYS_SEARCH_USER_PATHS = NO;
				CLANG_ANALYZER_NONNULL = YES;
				CLANG_ANALYZER_NUMBER_OBJECT_CONVERSION = YES_AGGRESSIVE;
				CLANG_CXX_LANGUAGE_STANDARD = "gnu++14";
				CLANG_CXX_LIBRARY = "libc++";
				CLANG_ENABLE_MODULES = YES;
				CLANG_ENABLE_OBJC_ARC = YES;
				CLANG_ENABLE_OBJC_WEAK = YES;
				CLANG_WARN_BLOCK_CAPTURE_AUTORELEASING = YES;
				CLANG_WARN_BOOL_CONVERSION = YES;
				CLANG_WARN_COMMA = YES;
				CLANG_WARN_CONSTANT_CONVERSION = YES;
				CLANG_WARN_DEPRECATED_OBJC_IMPLEMENTATIONS = YES;
				CLANG_WARN_DIRECT_OBJC_ISA_USAGE = YES_ERROR;
				CLANG_WARN_DOCUMENTATION_COMMENTS = YES;
				CLANG_WARN_EMPTY_BODY = YES;
				CLANG_WARN_ENUM_CONVERSION = YES;
				CLANG_WARN_INFINITE_RECURSION = YES;
				CLANG_WARN_INT_CONVERSION = YES;
				CLANG_WARN_NON_LITERAL_NULL_CONVERSION = YES;
				CLANG_WARN_OBJC_IMPLICIT_RETAIN_SELF = YES;
				CLANG_WARN_OBJC_LITERAL_CONVERSION = YES;
				CLANG_WARN_OBJC_ROOT_CLASS = YES_ERROR;
				CLANG_WARN_RANGE_LOOP_ANALYSIS = YES;
				CLANG_WARN_STRICT_PROTOTYPES = YES;
				CLANG_WARN_SUSPICIOUS_MOVE = YES;
				CLANG_WARN_UNGUARDED_AVAILABILITY = YES_AGGRESSIVE;
				CLANG_WARN_UNREACHABLE_CODE = YES;
				CLANG_WARN__DUPLICATE_METHOD_MATCH = YES;
				CODE_SIGN_IDENTITY = "iPhone Developer";
				COPY_PHASE_STRIP = NO;
				DEBUG_INFORMATION_FORMAT = "dwarf-with-dsym";
				ENABLE_NS_ASSERTIONS = NO;
				ENABLE_STRICT_OBJC_MSGSEND = YES;
				GCC_C_LANGUAGE_STANDARD = gnu11;
				GCC_NO_COMMON_BLOCKS = YES;
				GCC_WARN_64_TO_32_BIT_CONVERSION = YES;
				GCC_WARN_ABOUT_RETURN_TYPE = YES_ERROR;
				GCC_WARN_UNDECLARED_SELECTOR = YES;
				GCC_WARN_UNINITIALIZED_AUTOS = YES_AGGRESSIVE;
				GCC_WARN_UNUSED_FUNCTION = YES;
				GCC_WARN_UNUSED_VARIABLE = YES;
				IPHONEOS_DEPLOYMENT_TARGET = 12.1;
				MTL_ENABLE_DEBUG_INFO = NO;
				MTL_FAST_MATH = YES;
				SDKROOT = iphoneos;
				SWIFT_COMPILATION_MODE = wholemodule;
				SWIFT_OPTIMIZATION_LEVEL = "-O";
				VALIDATE_PRODUCT = YES;
			};
			name = Release;
		};
		6C85623021E6930D00246312 /* Debug */ = {
			isa = XCBuildConfiguration;
			buildSettings = {
				ASSETCATALOG_COMPILER_APPICON_NAME = AppIcon;
				CODE_SIGN_STYLE = Automatic;
				INFOPLIST_FILE = "Tip calculator/Info.plist";
				LD_RUNPATH_SEARCH_PATHS = (
					"$(inherited)",
					"@executable_path/Frameworks",
				);
				PRODUCT_BUNDLE_IDENTIFIER = "com.example.Tip-calculator";
				PRODUCT_NAME = "$(TARGET_NAME)";
				SWIFT_VERSION = 4.2;
				TARGETED_DEVICE_FAMILY = "1,2";
			};
			name = Debug;
		};
		6C85623121E6930D00246312 /* Release */ = {
			isa = XCBuildConfiguration;
			buildSettings = {
				ASSETCATALOG_COMPILER_APPICON_NAME = AppIcon;
				CODE_SIGN_STYLE = Automatic;
				INFOPLIST_FILE = "Tip calculator/Info.plist";
				LD_RUNPATH_SEARCH_PATHS = (
					"$(inherited)",
					"@executable_path/Frameworks",
				);
				PRODUCT_BUNDLE_IDENTIFIER = "com.example.Tip-calculator";
				PRODUCT_NAME = "$(TARGET_NAME)";
				SWIFT_VERSION = 4.2;
				TARGETED_DEVICE_FAMILY = "1,2";
			};
			name = Release;
		};
		6C85623321E6930D00246312 /* Debug */ = {
			isa = XCBuildConfiguration;
			buildSettings = {
				ALWAYS_EMBED_SWIFT_STANDARD_LIBRARIES = YES;
				BUNDLE_LOADER = "$(TEST_HOST)";
				CODE_SIGN_STYLE = Automatic;
				INFOPLIST_FILE = "Tip calculatorTests/Info.plist";
				LD_RUNPATH_SEARCH_PATHS = (
					"$(inherited)",
					"@executable_path/Frameworks",
					"@loader_path/Frameworks",
				);
				PRODUCT_BUNDLE_IDENTIFIER = "com.example.Tip-calculatorTests";
				PRODUCT_NAME = "$(TARGET_NAME)";
				SWIFT_VERSION = 4.2;
				TARGETED_DEVICE_FAMILY = "1,2";
				TEST_HOST = "$(BUILT_PRODUCTS_DIR)/Tip calculator.app/Tip calculator";
			};
			name = Debug;
		};
		6C85623421E6930D00246312 /* Release */ = {
			isa = XCBuildConfiguration;
			buildSettings = {
				ALWAYS_EMBED_SWIFT_STANDARD_LIBRARIES = YES;
				BUNDLE_LOADER = "$(TEST_HOST)";
				CODE_SIGN_STYLE = Automatic;
				INFOPLIST_FILE = "Tip calculatorTests/Info.plist";
				LD_RUNPATH_SEARCH_PATHS = (
					"$(inherited)",
					"@executable_path/Frameworks",
					"@loader_path/Frameworks",
				);
				PRODUCT_BUNDLE_IDENTIFIER = "com.example.Tip-calculatorTests";
				PRODUCT_NAME = "$(TARGET_NAME)";
				SWIFT_VERSION = 4.2;
				TARGETED_DEVICE_FAMILY = "1,2";
				TEST_HOST = "$(BUILT_PRODUCTS_DIR)/Tip calculator.app/Tip calculator";
			};
			name = Release;
		};
		6C85623621E6930D00246312 /* Debug */ = {
			isa = XCBuildConfiguration;
			buildSettings = {
				ALWAYS_EMBED_SWIFT_STANDARD_LIBRARIES = YES;
				CODE_SIGN_STYLE = Automatic;
				INFOPLIST_FILE = "Tip calculatorUITests/Info.plist";
				LD_RUNPATH_SEARCH_PATHS = (
					"$(inherited)",
					"@executable_path/Frameworks",
					"@loader_path/Frameworks",
				);
				PRODUCT_BUNDLE_IDENTIFIER = "com.example.Tip-calculatorUITests";
				PRODUCT_NAME = "$(TARGET_NAME)";
				SWIFT_VERSION = 4.2;
				TARGETED_DEVICE_FAMILY = "1,2";
				TEST_TARGET_NAME = "Tip calculator";
			};
			name = Debug;
		};
		6C85623721E6930D00246312 /* Release */ = {
			isa = XCBuildConfiguration;
			buildSettings = {
				ALWAYS_EMBED_SWIFT_STANDARD_LIBRARIES = YES;
				CODE_SIGN_STYLE = Automatic;
				INFOPLIST_FILE = "Tip calculatorUITests/Info.plist";
				LD_RUNPATH_SEARCH_PATHS = (
					"$(inherited)",
					"@executable_path/Frameworks",
					"@loader_path/Frameworks",
				);
				PRODUCT_BUNDLE_IDENTIFIER = "com.example.Tip-calculatorUITests";
				PRODUCT_NAME = "$(TARGET_NAME)";
				SWIFT_VERSION = 4.2;
				TARGETED_DEVICE_FAMILY = "1,2";
				TEST_TARGET_NAME = "Tip calculator";
			};
			name = Release;
		};
/* End XCBuildConfiguration section */

/* Begin XCConfigurationList section */
		6C85620221E6930A00246312 /* Build configuration list for PBXProject "Tip calculator" */ = {
			isa = XCConfigurationList;
			buildConfigurations = (
				6C85622D21E6930D00246312 /* Debug */,
				6C85622E21E6930D00246312 /* Release */,
			);
			defaultConfigurationIsVisible = 0;
			defaultConfigurationName = Release;
		};
		6C85622F21E6930D00246312 /* Build configuration list for PBXNativeTarget "Tip calculator" */ = {
			isa = XCConfigurationList;
			buildConfigurations = (
				6C85623021E6930D00246312 /* Debug */,
				6C85623121E6930D00246312 /* Release */,
			);
			defaultConfigurationIsVisible = 0;
			defaultConfigurationName = Release;
		};
		6C85623221E6930D00246312 /* Build configuration list for PBXNativeTarget "Tip calculatorTests" */ = {
			isa = XCConfigurationList;
			buildConfigurations = (
				6C85623321E6930D00246312 /* Debug */,
				6C85623421E6930D00246312 /* Release */,
			);
			defaultConfigurationIsVisible = 0;
			defaultConfigurationName = Release;
		};
		6C85623521E6930D00246312 /* Build configuration list for PBXNativeTarget "Tip calculatorUITests" */ = {
			isa = XCConfigurationList;
			buildConfigurations = (
				6C85623621E6930D00246312 /* Debug */,
				6C85623721E6930D00246312 /* Release */,
			);
			defaultConfigurationIsVisible = 0;
			defaultConfigurationName = Release;
		};
/* End XCConfigurationList section */
	};
	rootObject = 6C8561FF21E6930A00246312 /* Project object */;
}
